// !$*UTF8*$!
{
	archiveVersion = 1;
	classes = {
	};
	objectVersion = 50;
	objects = {

/* Begin PBXBuildFile section */
		CEC208B9235B92C700F53FD1 /* AppDelegate.swift in Sources */ = {isa = PBXBuildFile; fileRef = CEC208B8235B92C700F53FD1 /* AppDelegate.swift */; };
		CEC208BB235B92C700F53FD1 /* SceneDelegate.swift in Sources */ = {isa = PBXBuildFile; fileRef = CEC208BA235B92C700F53FD1 /* SceneDelegate.swift */; };
		CEC208BD235B92C700F53FD1 /* ViewController.swift in Sources */ = {isa = PBXBuildFile; fileRef = CEC208BC235B92C700F53FD1 /* ViewController.swift */; };
		CEC208C0235B92C700F53FD1 /* Main.storyboard in Resources */ = {isa = PBXBuildFile; fileRef = CEC208BE235B92C700F53FD1 /* Main.storyboard */; };
		CEC208C2235B92C800F53FD1 /* Assets.xcassets in Resources */ = {isa = PBXBuildFile; fileRef = CEC208C1235B92C800F53FD1 /* Assets.xcassets */; };
		CEC208C5235B92C800F53FD1 /* LaunchScreen.storyboard in Resources */ = {isa = PBXBuildFile; fileRef = CEC208C3235B92C800F53FD1 /* LaunchScreen.storyboard */; };
		CEC208D0235B92C800F53FD1 /* Tumblr_Lab_2019Tests.swift in Sources */ = {isa = PBXBuildFile; fileRef = CEC208CF235B92C800F53FD1 /* Tumblr_Lab_2019Tests.swift */; };
		CEC208DB235B92C800F53FD1 /* Tumblr_Lab_2019UITests.swift in Sources */ = {isa = PBXBuildFile; fileRef = CEC208DA235B92C800F53FD1 /* Tumblr_Lab_2019UITests.swift */; };
/* End PBXBuildFile section */

/* Begin PBXContainerItemProxy section */
		CEC208CC235B92C800F53FD1 /* PBXContainerItemProxy */ = {
			isa = PBXContainerItemProxy;
			containerPortal = CEC208AD235B92C700F53FD1 /* Project object */;
			proxyType = 1;
			remoteGlobalIDString = CEC208B4235B92C700F53FD1;
			remoteInfo = Tumblr_Lab_2019;
		};
		CEC208D7235B92C800F53FD1 /* PBXContainerItemProxy */ = {
			isa = PBXContainerItemProxy;
			containerPortal = CEC208AD235B92C700F53FD1 /* Project object */;
			proxyType = 1;
			remoteGlobalIDString = CEC208B4235B92C700F53FD1;
			remoteInfo = Tumblr_Lab_2019;
		};
/* End PBXContainerItemProxy section */

/* Begin PBXFileReference section */
		CEC208B5235B92C700F53FD1 /* Tumblr_Lab_2019.app */ = {isa = PBXFileReference; explicitFileType = wrapper.application; includeInIndex = 0; path = Tumblr_Lab_2019.app; sourceTree = BUILT_PRODUCTS_DIR; };
		CEC208B8235B92C700F53FD1 /* AppDelegate.swift */ = {isa = PBXFileReference; lastKnownFileType = sourcecode.swift; path = AppDelegate.swift; sourceTree = "<group>"; };
		CEC208BA235B92C700F53FD1 /* SceneDelegate.swift */ = {isa = PBXFileReference; lastKnownFileType = sourcecode.swift; path = SceneDelegate.swift; sourceTree = "<group>"; };
		CEC208BC235B92C700F53FD1 /* ViewController.swift */ = {isa = PBXFileReference; lastKnownFileType = sourcecode.swift; path = ViewController.swift; sourceTree = "<group>"; };
		CEC208BF235B92C700F53FD1 /* Base */ = {isa = PBXFileReference; lastKnownFileType = file.storyboard; name = Base; path = Base.lproj/Main.storyboard; sourceTree = "<group>"; };
		CEC208C1235B92C800F53FD1 /* Assets.xcassets */ = {isa = PBXFileReference; lastKnownFileType = folder.assetcatalog; path = Assets.xcassets; sourceTree = "<group>"; };
		CEC208C4235B92C800F53FD1 /* Base */ = {isa = PBXFileReference; lastKnownFileType = file.storyboard; name = Base; path = Base.lproj/LaunchScreen.storyboard; sourceTree = "<group>"; };
		CEC208C6235B92C800F53FD1 /* Info.plist */ = {isa = PBXFileReference; lastKnownFileType = text.plist.xml; path = Info.plist; sourceTree = "<group>"; };
		CEC208CB235B92C800F53FD1 /* Tumblr_Lab_2019Tests.xctest */ = {isa = PBXFileReference; explicitFileType = wrapper.cfbundle; includeInIndex = 0; path = Tumblr_Lab_2019Tests.xctest; sourceTree = BUILT_PRODUCTS_DIR; };
		CEC208CF235B92C800F53FD1 /* Tumblr_Lab_2019Tests.swift */ = {isa = PBXFileReference; lastKnownFileType = sourcecode.swift; path = Tumblr_Lab_2019Tests.swift; sourceTree = "<group>"; };
		CEC208D1235B92C800F53FD1 /* Info.plist */ = {isa = PBXFileReference; lastKnownFileType = text.plist.xml; path = Info.plist; sourceTree = "<group>"; };
		CEC208D6235B92C800F53FD1 /* Tumblr_Lab_2019UITests.xctest */ = {isa = PBXFileReference; explicitFileType = wrapper.cfbundle; includeInIndex = 0; path = Tumblr_Lab_2019UITests.xctest; sourceTree = BUILT_PRODUCTS_DIR; };
		CEC208DA235B92C800F53FD1 /* Tumblr_Lab_2019UITests.swift */ = {isa = PBXFileReference; lastKnownFileType = sourcecode.swift; path = Tumblr_Lab_2019UITests.swift; sourceTree = "<group>"; };
		CEC208DC235B92C800F53FD1 /* Info.plist */ = {isa = PBXFileReference; lastKnownFileType = text.plist.xml; path = Info.plist; sourceTree = "<group>"; };
/* End PBXFileReference section */

/* Begin PBXFrameworksBuildPhase section */
		CEC208B2235B92C700F53FD1 /* Frameworks */ = {
			isa = PBXFrameworksBuildPhase;
			buildActionMask = 2147483647;
			files = (
			);
			runOnlyForDeploymentPostprocessing = 0;
		};
		CEC208C8235B92C800F53FD1 /* Frameworks */ = {
			isa = PBXFrameworksBuildPhase;
			buildActionMask = 2147483647;
			files = (
			);
			runOnlyForDeploymentPostprocessing = 0;
		};
		CEC208D3235B92C800F53FD1 /* Frameworks */ = {
			isa = PBXFrameworksBuildPhase;
			buildActionMask = 2147483647;
			files = (
			);
			runOnlyForDeploymentPostprocessing = 0;
		};
/* End PBXFrameworksBuildPhase section */

/* Begin PBXGroup section */
		CEC208AC235B92C700F53FD1 = {
			isa = PBXGroup;
			children = (
				CEC208B7235B92C700F53FD1 /* Tumblr_Lab_2019 */,
				CEC208CE235B92C800F53FD1 /* Tumblr_Lab_2019Tests */,
				CEC208D9235B92C800F53FD1 /* Tumblr_Lab_2019UITests */,
				CEC208B6235B92C700F53FD1 /* Products */,
			);
			sourceTree = "<group>";
		};
		CEC208B6235B92C700F53FD1 /* Products */ = {
			isa = PBXGroup;
			children = (
				CEC208B5235B92C700F53FD1 /* Tumblr_Lab_2019.app */,
				CEC208CB235B92C800F53FD1 /* Tumblr_Lab_2019Tests.xctest */,
				CEC208D6235B92C800F53FD1 /* Tumblr_Lab_2019UITests.xctest */,
			);
			name = Products;
			sourceTree = "<group>";
		};
		CEC208B7235B92C700F53FD1 /* Tumblr_Lab_2019 */ = {
			isa = PBXGroup;
			children = (
				CEC208B8235B92C700F53FD1 /* AppDelegate.swift */,
				CEC208BA235B92C700F53FD1 /* SceneDelegate.swift */,
				CEC208BC235B92C700F53FD1 /* ViewController.swift */,
				CEC208BE235B92C700F53FD1 /* Main.storyboard */,
				CEC208C1235B92C800F53FD1 /* Assets.xcassets */,
				CEC208C3235B92C800F53FD1 /* LaunchScreen.storyboard */,
				CEC208C6235B92C800F53FD1 /* Info.plist */,
			);
			path = Tumblr_Lab_2019;
			sourceTree = "<group>";
		};
		CEC208CE235B92C800F53FD1 /* Tumblr_Lab_2019Tests */ = {
			isa = PBXGroup;
			children = (
				CEC208CF235B92C800F53FD1 /* Tumblr_Lab_2019Tests.swift */,
				CEC208D1235B92C800F53FD1 /* Info.plist */,
			);
			path = Tumblr_Lab_2019Tests;
			sourceTree = "<group>";
		};
		CEC208D9235B92C800F53FD1 /* Tumblr_Lab_2019UITests */ = {
			isa = PBXGroup;
			children = (
				CEC208DA235B92C800F53FD1 /* Tumblr_Lab_2019UITests.swift */,
				CEC208DC235B92C800F53FD1 /* Info.plist */,
			);
			path = Tumblr_Lab_2019UITests;
			sourceTree = "<group>";
		};
/* End PBXGroup section */

/* Begin PBXNativeTarget section */
		CEC208B4235B92C700F53FD1 /* Tumblr_Lab_2019 */ = {
			isa = PBXNativeTarget;
			buildConfigurationList = CEC208DF235B92C800F53FD1 /* Build configuration list for PBXNativeTarget "Tumblr_Lab_2019" */;
			buildPhases = (
				CEC208B1235B92C700F53FD1 /* Sources */,
				CEC208B2235B92C700F53FD1 /* Frameworks */,
				CEC208B3235B92C700F53FD1 /* Resources */,
			);
			buildRules = (
			);
			dependencies = (
			);
			name = Tumblr_Lab_2019;
			productName = Tumblr_Lab_2019;
			productReference = CEC208B5235B92C700F53FD1 /* Tumblr_Lab_2019.app */;
			productType = "com.apple.product-type.application";
		};
		CEC208CA235B92C800F53FD1 /* Tumblr_Lab_2019Tests */ = {
			isa = PBXNativeTarget;
			buildConfigurationList = CEC208E2235B92C800F53FD1 /* Build configuration list for PBXNativeTarget "Tumblr_Lab_2019Tests" */;
			buildPhases = (
				CEC208C7235B92C800F53FD1 /* Sources */,
				CEC208C8235B92C800F53FD1 /* Frameworks */,
				CEC208C9235B92C800F53FD1 /* Resources */,
			);
			buildRules = (
			);
			dependencies = (
				CEC208CD235B92C800F53FD1 /* PBXTargetDependency */,
			);
			name = Tumblr_Lab_2019Tests;
			productName = Tumblr_Lab_2019Tests;
			productReference = CEC208CB235B92C800F53FD1 /* Tumblr_Lab_2019Tests.xctest */;
			productType = "com.apple.product-type.bundle.unit-test";
		};
		CEC208D5235B92C800F53FD1 /* Tumblr_Lab_2019UITests */ = {
			isa = PBXNativeTarget;
			buildConfigurationList = CEC208E5235B92C800F53FD1 /* Build configuration list for PBXNativeTarget "Tumblr_Lab_2019UITests" */;
			buildPhases = (
				CEC208D2235B92C800F53FD1 /* Sources */,
				CEC208D3235B92C800F53FD1 /* Frameworks */,
				CEC208D4235B92C800F53FD1 /* Resources */,
			);
			buildRules = (
			);
			dependencies = (
				CEC208D8235B92C800F53FD1 /* PBXTargetDependency */,
			);
			name = Tumblr_Lab_2019UITests;
			productName = Tumblr_Lab_2019UITests;
			productReference = CEC208D6235B92C800F53FD1 /* Tumblr_Lab_2019UITests.xctest */;
			productType = "com.apple.product-type.bundle.ui-testing";
		};
/* End PBXNativeTarget section */

/* Begin PBXProject section */
		CEC208AD235B92C700F53FD1 /* Project object */ = {
			isa = PBXProject;
			attributes = {
				LastSwiftUpdateCheck = 1110;
				LastUpgradeCheck = 1110;
				ORGANIZATIONNAME = "Daniella Montinola";
				TargetAttributes = {
					CEC208B4235B92C700F53FD1 = {
						CreatedOnToolsVersion = 11.1;
					};
					CEC208CA235B92C800F53FD1 = {
						CreatedOnToolsVersion = 11.1;
						TestTargetID = CEC208B4235B92C700F53FD1;
					};
					CEC208D5235B92C800F53FD1 = {
						CreatedOnToolsVersion = 11.1;
						TestTargetID = CEC208B4235B92C700F53FD1;
					};
				};
			};
			buildConfigurationList = CEC208B0235B92C700F53FD1 /* Build configuration list for PBXProject "Tumblr_Lab_2019" */;
			compatibilityVersion = "Xcode 9.3";
			developmentRegion = en;
			hasScannedForEncodings = 0;
			knownRegions = (
				en,
				Base,
			);
			mainGroup = CEC208AC235B92C700F53FD1;
			productRefGroup = CEC208B6235B92C700F53FD1 /* Products */;
			projectDirPath = "";
			projectRoot = "";
			targets = (
				CEC208B4235B92C700F53FD1 /* Tumblr_Lab_2019 */,
				CEC208CA235B92C800F53FD1 /* Tumblr_Lab_2019Tests */,
				CEC208D5235B92C800F53FD1 /* Tumblr_Lab_2019UITests */,
			);
		};
/* End PBXProject section */

/* Begin PBXResourcesBuildPhase section */
		CEC208B3235B92C700F53FD1 /* Resources */ = {
			isa = PBXResourcesBuildPhase;
			buildActionMask = 2147483647;
			files = (
				CEC208C5235B92C800F53FD1 /* LaunchScreen.storyboard in Resources */,
				CEC208C2235B92C800F53FD1 /* Assets.xcassets in Resources */,
				CEC208C0235B92C700F53FD1 /* Main.storyboard in Resources */,
			);
			runOnlyForDeploymentPostprocessing = 0;
		};
		CEC208C9235B92C800F53FD1 /* Resources */ = {
			isa = PBXResourcesBuildPhase;
			buildActionMask = 2147483647;
			files = (
			);
			runOnlyForDeploymentPostprocessing = 0;
		};
		CEC208D4235B92C800F53FD1 /* Resources */ = {
			isa = PBXResourcesBuildPhase;
			buildActionMask = 2147483647;
			files = (
			);
			runOnlyForDeploymentPostprocessing = 0;
		};
/* End PBXResourcesBuildPhase section */

/* Begin PBXSourcesBuildPhase section */
		CEC208B1235B92C700F53FD1 /* Sources */ = {
			isa = PBXSourcesBuildPhase;
			buildActionMask = 2147483647;
			files = (
				CEC208BD235B92C700F53FD1 /* ViewController.swift in Sources */,
				CEC208B9235B92C700F53FD1 /* AppDelegate.swift in Sources */,
				CEC208BB235B92C700F53FD1 /* SceneDelegate.swift in Sources */,
			);
			runOnlyForDeploymentPostprocessing = 0;
		};
		CEC208C7235B92C800F53FD1 /* Sources */ = {
			isa = PBXSourcesBuildPhase;
			buildActionMask = 2147483647;
			files = (
				CEC208D0235B92C800F53FD1 /* Tumblr_Lab_2019Tests.swift in Sources */,
			);
			runOnlyForDeploymentPostprocessing = 0;
		};
		CEC208D2235B92C800F53FD1 /* Sources */ = {
			isa = PBXSourcesBuildPhase;
			buildActionMask = 2147483647;
			files = (
				CEC208DB235B92C800F53FD1 /* Tumblr_Lab_2019UITests.swift in Sources */,
			);
			runOnlyForDeploymentPostprocessing = 0;
		};
/* End PBXSourcesBuildPhase section */

/* Begin PBXTargetDependency section */
		CEC208CD235B92C800F53FD1 /* PBXTargetDependency */ = {
			isa = PBXTargetDependency;
			target = CEC208B4235B92C700F53FD1 /* Tumblr_Lab_2019 */;
			targetProxy = CEC208CC235B92C800F53FD1 /* PBXContainerItemProxy */;
		};
		CEC208D8235B92C800F53FD1 /* PBXTargetDependency */ = {
			isa = PBXTargetDependency;
			target = CEC208B4235B92C700F53FD1 /* Tumblr_Lab_2019 */;
			targetProxy = CEC208D7235B92C800F53FD1 /* PBXContainerItemProxy */;
		};
/* End PBXTargetDependency section */

/* Begin PBXVariantGroup section */
		CEC208BE235B92C700F53FD1 /* Main.storyboard */ = {
			isa = PBXVariantGroup;
			children = (
				CEC208BF235B92C700F53FD1 /* Base */,
			);
			name = Main.storyboard;
			sourceTree = "<group>";
		};
		CEC208C3235B92C800F53FD1 /* LaunchScreen.storyboard */ = {
			isa = PBXVariantGroup;
			children = (
				CEC208C4235B92C800F53FD1 /* Base */,
			);
			name = LaunchScreen.storyboard;
			sourceTree = "<group>";
		};
/* End PBXVariantGroup section */

/* Begin XCBuildConfiguration section */
		CEC208DD235B92C800F53FD1 /* Debug */ = {
			isa = XCBuildConfiguration;
			buildSettings = {
				ALWAYS_SEARCH_USER_PATHS = NO;
				CLANG_ANALYZER_NONNULL = YES;
				CLANG_ANALYZER_NUMBER_OBJECT_CONVERSION = YES_AGGRESSIVE;
				CLANG_CXX_LANGUAGE_STANDARD = "gnu++14";
				CLANG_CXX_LIBRARY = "libc++";
				CLANG_ENABLE_MODULES = YES;
				CLANG_ENABLE_OBJC_ARC = YES;
				CLANG_ENABLE_OBJC_WEAK = YES;
				CLANG_WARN_BLOCK_CAPTURE_AUTORELEASING = YES;
				CLANG_WARN_BOOL_CONVERSION = YES;
				CLANG_WARN_COMMA = YES;
				CLANG_WARN_CONSTANT_CONVERSION = YES;
				CLANG_WARN_DEPRECATED_OBJC_IMPLEMENTATIONS = YES;
				CLANG_WARN_DIRECT_OBJC_ISA_USAGE = YES_ERROR;
				CLANG_WARN_DOCUMENTATION_COMMENTS = YES;
				CLANG_WARN_EMPTY_BODY = YES;
				CLANG_WARN_ENUM_CONVERSION = YES;
				CLANG_WARN_INFINITE_RECURSION = YES;
				CLANG_WARN_INT_CONVERSION = YES;
				CLANG_WARN_NON_LITERAL_NULL_CONVERSION = YES;
				CLANG_WARN_OBJC_IMPLICIT_RETAIN_SELF = YES;
				CLANG_WARN_OBJC_LITERAL_CONVERSION = YES;
				CLANG_WARN_OBJC_ROOT_CLASS = YES_ERROR;
				CLANG_WARN_RANGE_LOOP_ANALYSIS = YES;
				CLANG_WARN_STRICT_PROTOTYPES = YES;
				CLANG_WARN_SUSPICIOUS_MOVE = YES;
				CLANG_WARN_UNGUARDED_AVAILABILITY = YES_AGGRESSIVE;
				CLANG_WARN_UNREACHABLE_CODE = YES;
				CLANG_WARN__DUPLICATE_METHOD_MATCH = YES;
				COPY_PHASE_STRIP = NO;
				DEBUG_INFORMATION_FORMAT = dwarf;
				ENABLE_STRICT_OBJC_MSGSEND = YES;
				ENABLE_TESTABILITY = YES;
				GCC_C_LANGUAGE_STANDARD = gnu11;
				GCC_DYNAMIC_NO_PIC = NO;
				GCC_NO_COMMON_BLOCKS = YES;
				GCC_OPTIMIZATION_LEVEL = 0;
				GCC_PREPROCESSOR_DEFINITIONS = (
					"DEBUG=1",
					"$(inherited)",
				);
				GCC_WARN_64_TO_32_BIT_CONVERSION = YES;
				GCC_WARN_ABOUT_RETURN_TYPE = YES_ERROR;
				GCC_WARN_UNDECLARED_SELECTOR = YES;
				GCC_WARN_UNINITIALIZED_AUTOS = YES_AGGRESSIVE;
				GCC_WARN_UNUSED_FUNCTION = YES;
				GCC_WARN_UNUSED_VARIABLE = YES;
				IPHONEOS_DEPLOYMENT_TARGET = 13.1;
				MTL_ENABLE_DEBUG_INFO = INCLUDE_SOURCE;
				MTL_FAST_MATH = YES;
				ONLY_ACTIVE_ARCH = YES;
				SDKROOT = iphoneos;
				SWIFT_ACTIVE_COMPILATION_CONDITIONS = DEBUG;
				SWIFT_OPTIMIZATION_LEVEL = "-Onone";
			};
			name = Debug;
		};
		CEC208DE235B92C800F53FD1 /* Release */ = {
			isa = XCBuildConfiguration;
			buildSettings = {
				ALWAYS_SEARCH_USER_PATHS = NO;
				CLANG_ANALYZER_NONNULL = YES;
				CLANG_ANALYZER_NUMBER_OBJECT_CONVERSION = YES_AGGRESSIVE;
				CLANG_CXX_LANGUAGE_STANDARD = "gnu++14";
				CLANG_CXX_LIBRARY = "libc++";
				CLANG_ENABLE_MODULES = YES;
				CLANG_ENABLE_OBJC_ARC = YES;
				CLANG_ENABLE_OBJC_WEAK = YES;
				CLANG_WARN_BLOCK_CAPTURE_AUTORELEASING = YES;
				CLANG_WARN_BOOL_CONVERSION = YES;
				CLANG_WARN_COMMA = YES;
				CLANG_WARN_CONSTANT_CONVERSION = YES;
				CLANG_WARN_DEPRECATED_OBJC_IMPLEMENTATIONS = YES;
				CLANG_WARN_DIRECT_OBJC_ISA_USAGE = YES_ERROR;
				CLANG_WARN_DOCUMENTATION_COMMENTS = YES;
				CLANG_WARN_EMPTY_BODY = YES;
				CLANG_WARN_ENUM_CONVERSION = YES;
				CLANG_WARN_INFINITE_RECURSION = YES;
				CLANG_WARN_INT_CONVERSION = YES;
				CLANG_WARN_NON_LITERAL_NULL_CONVERSION = YES;
				CLANG_WARN_OBJC_IMPLICIT_RETAIN_SELF = YES;
				CLANG_WARN_OBJC_LITERAL_CONVERSION = YES;
				CLANG_WARN_OBJC_ROOT_CLASS = YES_ERROR;
				CLANG_WARN_RANGE_LOOP_ANALYSIS = YES;
				CLANG_WARN_STRICT_PROTOTYPES = YES;
				CLANG_WARN_SUSPICIOUS_MOVE = YES;
				CLANG_WARN_UNGUARDED_AVAILABILITY = YES_AGGRESSIVE;
				CLANG_WARN_UNREACHABLE_CODE = YES;
				CLANG_WARN__DUPLICATE_METHOD_MATCH = YES;
				COPY_PHASE_STRIP = NO;
				DEBUG_INFORMATION_FORMAT = "dwarf-with-dsym";
				ENABLE_NS_ASSERTIONS = NO;
				ENABLE_STRICT_OBJC_MSGSEND = YES;
				GCC_C_LANGUAGE_STANDARD = gnu11;
				GCC_NO_COMMON_BLOCKS = YES;
				GCC_WARN_64_TO_32_BIT_CONVERSION = YES;
				GCC_WARN_ABOUT_RETURN_TYPE = YES_ERROR;
				GCC_WARN_UNDECLARED_SELECTOR = YES;
				GCC_WARN_UNINITIALIZED_AUTOS = YES_AGGRESSIVE;
				GCC_WARN_UNUSED_FUNCTION = YES;
				GCC_WARN_UNUSED_VARIABLE = YES;
				IPHONEOS_DEPLOYMENT_TARGET = 13.1;
				MTL_ENABLE_DEBUG_INFO = NO;
				MTL_FAST_MATH = YES;
				SDKROOT = iphoneos;
				SWIFT_COMPILATION_MODE = wholemodule;
				SWIFT_OPTIMIZATION_LEVEL = "-O";
				VALIDATE_PRODUCT = YES;
			};
			name = Release;
		};
		CEC208E0235B92C800F53FD1 /* Debug */ = {
			isa = XCBuildConfiguration;
			buildSettings = {
				ASSETCATALOG_COMPILER_APPICON_NAME = AppIcon;
				CODE_SIGN_STYLE = Automatic;
				DEVELOPMENT_TEAM = KB49WVMKXZ;
				INFOPLIST_FILE = Tumblr_Lab_2019/Info.plist;
				LD_RUNPATH_SEARCH_PATHS = (
					"$(inherited)",
					"@executable_path/Frameworks",
				);
				PRODUCT_BUNDLE_IDENTIFIER = "com.team.losergirl9689.Tumblr-Lab-2019";
				PRODUCT_NAME = "$(TARGET_NAME)";
				SWIFT_VERSION = 5.0;
				TARGETED_DEVICE_FAMILY = "1,2";
			};
			name = Debug;
		};
		CEC208E1235B92C800F53FD1 /* Release */ = {
			isa = XCBuildConfiguration;
			buildSettings = {
				ASSETCATALOG_COMPILER_APPICON_NAME = AppIcon;
				CODE_SIGN_STYLE = Automatic;
				DEVELOPMENT_TEAM = KB49WVMKXZ;
				INFOPLIST_FILE = Tumblr_Lab_2019/Info.plist;
				LD_RUNPATH_SEARCH_PATHS = (
					"$(inherited)",
					"@executable_path/Frameworks",
				);
				PRODUCT_BUNDLE_IDENTIFIER = "com.team.losergirl9689.Tumblr-Lab-2019";
				PRODUCT_NAME = "$(TARGET_NAME)";
				SWIFT_VERSION = 5.0;
				TARGETED_DEVICE_FAMILY = "1,2";
			};
			name = Release;
		};
		CEC208E3235B92C800F53FD1 /* Debug */ = {
			isa = XCBuildConfiguration;
			buildSettings = {
				ALWAYS_EMBED_SWIFT_STANDARD_LIBRARIES = YES;
				BUNDLE_LOADER = "$(TEST_HOST)";
				CODE_SIGN_STYLE = Automatic;
				DEVELOPMENT_TEAM = KB49WVMKXZ;
				INFOPLIST_FILE = Tumblr_Lab_2019Tests/Info.plist;
				IPHONEOS_DEPLOYMENT_TARGET = 13.1;
				LD_RUNPATH_SEARCH_PATHS = (
					"$(inherited)",
					"@executable_path/Frameworks",
					"@loader_path/Frameworks",
				);
				PRODUCT_BUNDLE_IDENTIFIER = "com.team.losergirl9689.Tumblr-Lab-2019Tests";
				PRODUCT_NAME = "$(TARGET_NAME)";
				SWIFT_VERSION = 5.0;
				TARGETED_DEVICE_FAMILY = "1,2";
				TEST_HOST = "$(BUILT_PRODUCTS_DIR)/Tumblr_Lab_2019.app/Tumblr_Lab_2019";
			};
			name = Debug;
		};
		CEC208E4235B92C800F53FD1 /* Release */ = {
			isa = XCBuildConfiguration;
			buildSettings = {
				ALWAYS_EMBED_SWIFT_STANDARD_LIBRARIES = YES;
				BUNDLE_LOADER = "$(TEST_HOST)";
				CODE_SIGN_STYLE = Automatic;
				DEVELOPMENT_TEAM = KB49WVMKXZ;
				INFOPLIST_FILE = Tumblr_Lab_2019Tests/Info.plist;
				IPHONEOS_DEPLOYMENT_TARGET = 13.1;
				LD_RUNPATH_SEARCH_PATHS = (
					"$(inherited)",
					"@executable_path/Frameworks",
					"@loader_path/Frameworks",
				);
				PRODUCT_BUNDLE_IDENTIFIER = "com.team.losergirl9689.Tumblr-Lab-2019Tests";
				PRODUCT_NAME = "$(TARGET_NAME)";
				SWIFT_VERSION = 5.0;
				TARGETED_DEVICE_FAMILY = "1,2";
				TEST_HOST = "$(BUILT_PRODUCTS_DIR)/Tumblr_Lab_2019.app/Tumblr_Lab_2019";
			};
			name = Release;
		};
		CEC208E6235B92C800F53FD1 /* Debug */ = {
			isa = XCBuildConfiguration;
			buildSettings = {
				ALWAYS_EMBED_SWIFT_STANDARD_LIBRARIES = YES;
				CODE_SIGN_STYLE = Automatic;
				DEVELOPMENT_TEAM = KB49WVMKXZ;
				INFOPLIST_FILE = Tumblr_Lab_2019UITests/Info.plist;
				LD_RUNPATH_SEARCH_PATHS = (
					"$(inherited)",
					"@executable_path/Frameworks",
					"@loader_path/Frameworks",
				);
				PRODUCT_BUNDLE_IDENTIFIER = "com.team.losergirl9689.Tumblr-Lab-2019UITests";
				PRODUCT_NAME = "$(TARGET_NAME)";
				SWIFT_VERSION = 5.0;
				TARGETED_DEVICE_FAMILY = "1,2";
				TEST_TARGET_NAME = Tumblr_Lab_2019;
			};
			name = Debug;
		};
		CEC208E7235B92C800F53FD1 /* Release */ = {
			isa = XCBuildConfiguration;
			buildSettings = {
				ALWAYS_EMBED_SWIFT_STANDARD_LIBRARIES = YES;
				CODE_SIGN_STYLE = Automatic;
				DEVELOPMENT_TEAM = KB49WVMKXZ;
				INFOPLIST_FILE = Tumblr_Lab_2019UITests/Info.plist;
				LD_RUNPATH_SEARCH_PATHS = (
					"$(inherited)",
					"@executable_path/Frameworks",
					"@loader_path/Frameworks",
				);
				PRODUCT_BUNDLE_IDENTIFIER = "com.team.losergirl9689.Tumblr-Lab-2019UITests";
				PRODUCT_NAME = "$(TARGET_NAME)";
				SWIFT_VERSION = 5.0;
				TARGETED_DEVICE_FAMILY = "1,2";
				TEST_TARGET_NAME = Tumblr_Lab_2019;
			};
			name = Release;
		};
/* End XCBuildConfiguration section */

/* Begin XCConfigurationList section */
		CEC208B0235B92C700F53FD1 /* Build configuration list for PBXProject "Tumblr_Lab_2019" */ = {
			isa = XCConfigurationList;
			buildConfigurations = (
				CEC208DD235B92C800F53FD1 /* Debug */,
				CEC208DE235B92C800F53FD1 /* Release */,
			);
			defaultConfigurationIsVisible = 0;
			defaultConfigurationName = Release;
		};
		CEC208DF235B92C800F53FD1 /* Build configuration list for PBXNativeTarget "Tumblr_Lab_2019" */ = {
			isa = XCConfigurationList;
			buildConfigurations = (
				CEC208E0235B92C800F53FD1 /* Debug */,
				CEC208E1235B92C800F53FD1 /* Release */,
			);
			defaultConfigurationIsVisible = 0;
			defaultConfigurationName = Release;
		};
		CEC208E2235B92C800F53FD1 /* Build configuration list for PBXNativeTarget "Tumblr_Lab_2019Tests" */ = {
			isa = XCConfigurationList;
			buildConfigurations = (
				CEC208E3235B92C800F53FD1 /* Debug */,
				CEC208E4235B92C800F53FD1 /* Release */,
			);
			defaultConfigurationIsVisible = 0;
			defaultConfigurationName = Release;
		};
		CEC208E5235B92C800F53FD1 /* Build configuration list for PBXNativeTarget "Tumblr_Lab_2019UITests" */ = {
			isa = XCConfigurationList;
			buildConfigurations = (
				CEC208E6235B92C800F53FD1 /* Debug */,
				CEC208E7235B92C800F53FD1 /* Release */,
			);
			defaultConfigurationIsVisible = 0;
			defaultConfigurationName = Release;
		};
/* End XCConfigurationList section */
	};
	rootObject = CEC208AD235B92C700F53FD1 /* Project object */;
}
